Microsoft Visual Studio Solution File, Format Version 12.00
# Visual Studio Version 17
VisualStudioVersion = 17.6.33815.320
MinimumVisualStudioVersion = 10.0.40219.1
Project("{9A19103F-16F7-4668-BE54-9A1E7A4F7556}") = "EventBus", "EventBus\EventBus.csproj", "{84DC11D0-7B59-443A-8A84-1ADAC87C57DA}"
EndProject
Project("{FAE04EC0-301F-11D3-BF4B-00C04F79EFBC}") = "Tests", "Tests\Tests.csproj", "{E2987840-D771-4AE4-8ABB-8CAD2D54BB27}"
EndProject
Global
	GlobalSection(SolutionConfigurationPlatforms) = preSolution
		Debug|Any CPU = Debug|Any CPU
		Release|Any CPU = Release|Any CPU
	EndGlobalSection
	GlobalSection(ProjectConfigurationPlatforms) = postSolution
		{84DC11D0-7B59-443A-8A84-1ADAC87C57DA}.Debug|Any CPU.ActiveCfg = Debug|Any CPU
		{84DC11D0-7B59-443A-8A84-1ADAC87C57DA}.Debug|Any CPU.Build.0 = Debug|Any CPU
		{84DC11D0-7B59-443A-8A84-1ADAC87C57DA}.Release|Any CPU.ActiveCfg = Release|Any CPU
		{84DC11D0-7B59-443A-8A84-1ADAC87C57DA}.Release|Any CPU.Build.0 = Release|Any CPU
		{E2987840-D771-4AE4-8ABB-8CAD2D54BB27}.Debug|Any CPU.ActiveCfg = Debug|Any CPU
		{E2987840-D771-4AE4-8ABB-8CAD2D54BB27}.Debug|Any CPU.Build.0 = Debug|Any CPU
		{E2987840-D771-4AE4-8ABB-8CAD2D54BB27}.Release|Any CPU.ActiveCfg = Release|Any CPU
		{E2987840-D771-4AE4-8ABB-8CAD2D54BB27}.Release|Any CPU.Build.0 = Release|Any CPU
	EndGlobalSection
	GlobalSection(SolutionProperties) = preSolution
		HideSolutionNode = FALSE
	EndGlobalSection
	GlobalSection(ExtensibilityGlobals) = postSolution
		SolutionGuid = {E4649AF6-ACD9-47BD-A662-2594C599F972}
	EndGlobalSection
EndGlobal
