
Microsoft Visual Studio Solution File, Format Version 12.00
# Visual Studio 15
VisualStudioVersion = 15.0.28010.2050
MinimumVisualStudioVersion = 10.0.40219.1
Project("{FAE04EC0-301F-11D3-BF4B-00C04F79EFBC}") = "EventBus", "EventBus\EventBus.csproj", "{84DC11D0-7B59-443A-8A84-1ADAC87C57DA}"
EndProject
Global
	GlobalSection(SolutionConfigurationPlatforms) = preSolution
		Debug|Any CPU = Debug|Any CPU
		Release|Any CPU = Release|Any CPU
	EndGlobalSection
	GlobalSection(ProjectConfigurationPlatforms) = postSolution
		{84DC11D0-7B59-443A-8A84-1ADAC87C57DA}.Debug|Any CPU.ActiveCfg = Debug|Any CPU
		{84DC11D0-7B59-443A-8A84-1ADAC87C57DA}.Debug|Any CPU.Build.0 = Debug|Any CPU
		{84DC11D0-7B59-443A-8A84-1ADAC87C57DA}.Release|Any CPU.ActiveCfg = Release|Any CPU
		{84DC11D0-7B59-443A-8A84-1ADAC87C57DA}.Release|Any CPU.Build.0 = Release|Any CPU
	EndGlobalSection
	GlobalSection(SolutionProperties) = preSolution
		HideSolutionNode = FALSE
	EndGlobalSection
	GlobalSection(ExtensibilityGlobals) = postSolution
		SolutionGuid = {E4649AF6-ACD9-47BD-A662-2594C599F972}
	EndGlobalSection
EndGlobal
